
Microsoft Visual Studio Solution File, Format Version 12.00
# Visual Studio 15
VisualStudioVersion = 15.0.28307.271
MinimumVisualStudioVersion = 10.0.40219.1
Project("{FAE04EC0-301F-11D3-BF4B-00C04F79EFBC}") = "ODP连接Oracle", "ODP连接Oracle\ODP连接Oracle.csproj", "{5FB2DA1A-CEE3-47A9-8FD1-C84B3C11DE46}"
EndProject
Global
	GlobalSection(SolutionConfigurationPlatforms) = preSolution
		Debug|Any CPU = Debug|Any CPU
		Release|Any CPU = Release|Any CPU
	EndGlobalSection
	GlobalSection(ProjectConfigurationPlatforms) = postSolution
		{5FB2DA1A-CEE3-47A9-8FD1-C84B3C11DE46}.Debug|Any CPU.ActiveCfg = Debug|Any CPU
		{5FB2DA1A-CEE3-47A9-8FD1-C84B3C11DE46}.Debug|Any CPU.Build.0 = Debug|Any CPU
		{5FB2DA1A-CEE3-47A9-8FD1-C84B3C11DE46}.Release|Any CPU.ActiveCfg = Release|Any CPU
		{5FB2DA1A-CEE3-47A9-8FD1-C84B3C11DE46}.Release|Any CPU.Build.0 = Release|Any CPU
	EndGlobalSection
	GlobalSection(SolutionProperties) = preSolution
		HideSolutionNode = FALSE
	EndGlobalSection
	GlobalSection(ExtensibilityGlobals) = postSolution
		SolutionGuid = {10EBD7AA-966F-471D-BCBC-26FD4A478796}
	EndGlobalSection
EndGlobal
